
Microsoft Visual Studio Solution File, Format Version 12.00
# Visual Studio Version 16
VisualStudioVersion = 16.0.31729.503
MinimumVisualStudioVersion = 10.0.40219.1
Project("{FAE04EC0-301F-11D3-BF4B-00C04F79EFBC}") = "OTeaching", "OTeaching\OTeaching.csproj", "{B0C57EFE-7B5A-4742-9634-39DF9EB6E50F}"
EndProject
Global
	GlobalSection(SolutionConfigurationPlatforms) = preSolution
		Debug|Any CPU = Debug|Any CPU
		Release|Any CPU = Release|Any CPU
	EndGlobalSection
	GlobalSection(ProjectConfigurationPlatforms) = postSolution
		{B0C57EFE-7B5A-4742-9634-39DF9EB6E50F}.Debug|Any CPU.ActiveCfg = Debug|Any CPU
		{B0C57EFE-7B5A-4742-9634-39DF9EB6E50F}.Debug|Any CPU.Build.0 = Debug|Any CPU
		{B0C57EFE-7B5A-4742-9634-39DF9EB6E50F}.Release|Any CPU.ActiveCfg = Release|Any CPU
		{B0C57EFE-7B5A-4742-9634-39DF9EB6E50F}.Release|Any CPU.Build.0 = Release|Any CPU
	EndGlobalSection
	GlobalSection(SolutionProperties) = preSolution
		HideSolutionNode = FALSE
	EndGlobalSection
	GlobalSection(ExtensibilityGlobals) = postSolution
		SolutionGuid = {5AE8CCE1-0C00-4005-B833-7CB69630F7F4}
	EndGlobalSection
EndGlobal
